
Microsoft Visual Studio Solution File, Format Version 12.00
# Visual Studio Version 16
VisualStudioVersion = 16.0.31410.357
MinimumVisualStudioVersion = 10.0.40219.1
Project("{FAE04EC0-301F-11D3-BF4B-00C04F79EFBC}") = "DogGo", "DogGo\DogGo.csproj", "{60298933-4E8F-4526-AF97-EAA022B876EE}"
EndProject
Global
	GlobalSection(SolutionConfigurationPlatforms) = preSolution
		Debug|Any CPU = Debug|Any CPU
		Release|Any CPU = Release|Any CPU
	EndGlobalSection
	GlobalSection(ProjectConfigurationPlatforms) = postSolution
		{60298933-4E8F-4526-AF97-EAA022B876EE}.Debug|Any CPU.ActiveCfg = Debug|Any CPU
		{60298933-4E8F-4526-AF97-EAA022B876EE}.Debug|Any CPU.Build.0 = Debug|Any CPU
		{60298933-4E8F-4526-AF97-EAA022B876EE}.Release|Any CPU.ActiveCfg = Release|Any CPU
		{60298933-4E8F-4526-AF97-EAA022B876EE}.Release|Any CPU.Build.0 = Release|Any CPU
	EndGlobalSection
	GlobalSection(SolutionProperties) = preSolution
		HideSolutionNode = FALSE
	EndGlobalSection
	GlobalSection(ExtensibilityGlobals) = postSolution
		SolutionGuid = {D7301930-9D00-43FF-A0E5-E546EA9E402E}
	EndGlobalSection
EndGlobal
